
Microsoft Visual Studio Solution File, Format Version 12.00
# Visual Studio Version 16
VisualStudioVersion = 16.0.34301.259
MinimumVisualStudioVersion = 10.0.40219.1
Project("{FAE04EC0-301F-11D3-BF4B-00C04F79EFBC}") = "P1_Variables", "P1_Variables\P1_Variables.csproj", "{D8DECE4C-E118-4BD0-BA32-DEB2A0C51F2C}"
EndProject
Project("{FAE04EC0-301F-11D3-BF4B-00C04F79EFBC}") = "P1_Variables_Exercise", "P1_Variables_Exercise\P1_Variables_Exercise.csproj", "{310D68E7-5EFB-41B7-AACF-9100F432D2E4}"
EndProject
Project("{FAE04EC0-301F-11D3-BF4B-00C04F79EFBC}") = "P2_DataTypes", "P2_DataTypes\P2_DataTypes.csproj", "{5994A87E-F6EB-4A77-B0C3-A1B5C20492FC}"
EndProject
Project("{FAE04EC0-301F-11D3-BF4B-00C04F79EFBC}") = "P3_UserInput", "P3_UserInput\P3_UserInput.csproj", "{403F301C-1D97-4E87-AE86-13F376C0CAD4}"
EndProject
Project("{FAE04EC0-301F-11D3-BF4B-00C04F79EFBC}") = "P4_Operators", "P4_Operators\P4_Operators.csproj", "{6BFAB2D6-DD4A-45B0-A712-B7C5850DD766}"
EndProject
Project("{FAE04EC0-301F-11D3-BF4B-00C04F79EFBC}") = "P5_Method", "P5_Method\P5_Method.csproj", "{FB4B9FE0-CB63-4832-ABA8-489DEAA43C2D}"
EndProject
Global
	GlobalSection(SolutionConfigurationPlatforms) = preSolution
		Debug|Any CPU = Debug|Any CPU
		Release|Any CPU = Release|Any CPU
	EndGlobalSection
	GlobalSection(ProjectConfigurationPlatforms) = postSolution
		{D8DECE4C-E118-4BD0-BA32-DEB2A0C51F2C}.Debug|Any CPU.ActiveCfg = Debug|Any CPU
		{D8DECE4C-E118-4BD0-BA32-DEB2A0C51F2C}.Debug|Any CPU.Build.0 = Debug|Any CPU
		{D8DECE4C-E118-4BD0-BA32-DEB2A0C51F2C}.Release|Any CPU.ActiveCfg = Release|Any CPU
		{D8DECE4C-E118-4BD0-BA32-DEB2A0C51F2C}.Release|Any CPU.Build.0 = Release|Any CPU
		{310D68E7-5EFB-41B7-AACF-9100F432D2E4}.Debug|Any CPU.ActiveCfg = Debug|Any CPU
		{310D68E7-5EFB-41B7-AACF-9100F432D2E4}.Debug|Any CPU.Build.0 = Debug|Any CPU
		{310D68E7-5EFB-41B7-AACF-9100F432D2E4}.Release|Any CPU.ActiveCfg = Release|Any CPU
		{310D68E7-5EFB-41B7-AACF-9100F432D2E4}.Release|Any CPU.Build.0 = Release|Any CPU
		{5994A87E-F6EB-4A77-B0C3-A1B5C20492FC}.Debug|Any CPU.ActiveCfg = Debug|Any CPU
		{5994A87E-F6EB-4A77-B0C3-A1B5C20492FC}.Debug|Any CPU.Build.0 = Debug|Any CPU
		{5994A87E-F6EB-4A77-B0C3-A1B5C20492FC}.Release|Any CPU.ActiveCfg = Release|Any CPU
		{5994A87E-F6EB-4A77-B0C3-A1B5C20492FC}.Release|Any CPU.Build.0 = Release|Any CPU
		{403F301C-1D97-4E87-AE86-13F376C0CAD4}.Debug|Any CPU.ActiveCfg = Debug|Any CPU
		{403F301C-1D97-4E87-AE86-13F376C0CAD4}.Debug|Any CPU.Build.0 = Debug|Any CPU
		{403F301C-1D97-4E87-AE86-13F376C0CAD4}.Release|Any CPU.ActiveCfg = Release|Any CPU
		{403F301C-1D97-4E87-AE86-13F376C0CAD4}.Release|Any CPU.Build.0 = Release|Any CPU
		{6BFAB2D6-DD4A-45B0-A712-B7C5850DD766}.Debug|Any CPU.ActiveCfg = Debug|Any CPU
		{6BFAB2D6-DD4A-45B0-A712-B7C5850DD766}.Debug|Any CPU.Build.0 = Debug|Any CPU
		{6BFAB2D6-DD4A-45B0-A712-B7C5850DD766}.Release|Any CPU.ActiveCfg = Release|Any CPU
		{6BFAB2D6-DD4A-45B0-A712-B7C5850DD766}.Release|Any CPU.Build.0 = Release|Any CPU
		{FB4B9FE0-CB63-4832-ABA8-489DEAA43C2D}.Debug|Any CPU.ActiveCfg = Debug|Any CPU
		{FB4B9FE0-CB63-4832-ABA8-489DEAA43C2D}.Debug|Any CPU.Build.0 = Debug|Any CPU
		{FB4B9FE0-CB63-4832-ABA8-489DEAA43C2D}.Release|Any CPU.ActiveCfg = Release|Any CPU
		{FB4B9FE0-CB63-4832-ABA8-489DEAA43C2D}.Release|Any CPU.Build.0 = Release|Any CPU
	EndGlobalSection
	GlobalSection(SolutionProperties) = preSolution
		HideSolutionNode = FALSE
	EndGlobalSection
	GlobalSection(ExtensibilityGlobals) = postSolution
		SolutionGuid = {66B2D0E9-829E-4BA5-A727-26937928CC6E}
	EndGlobalSection
EndGlobal
