
Microsoft Visual Studio Solution File, Format Version 12.00
# Visual Studio Version 16
VisualStudioVersion = 16.0.34301.259
MinimumVisualStudioVersion = 10.0.40219.1
Project("{FAE04EC0-301F-11D3-BF4B-00C04F79EFBC}") = "P1_Variables", "P1_Variables\P1_Variables.csproj", "{D8DECE4C-E118-4BD0-BA32-DEB2A0C51F2C}"
EndProject
Project("{FAE04EC0-301F-11D3-BF4B-00C04F79EFBC}") = "P1_Variables_Exercise", "P1_Variables_Exercise\P1_Variables_Exercise.csproj", "{310D68E7-5EFB-41B7-AACF-9100F432D2E4}"
EndProject
Project("{FAE04EC0-301F-11D3-BF4B-00C04F79EFBC}") = "P2_DataTypes", "P2_DataTypes\P2_DataTypes.csproj", "{5994A87E-F6EB-4A77-B0C3-A1B5C20492FC}"
EndProject
Global
	GlobalSection(SolutionConfigurationPlatforms) = preSolution
		Debug|Any CPU = Debug|Any CPU
		Release|Any CPU = Release|Any CPU
	EndGlobalSection
	GlobalSection(ProjectConfigurationPlatforms) = postSolution
		{D8DECE4C-E118-4BD0-BA32-DEB2A0C51F2C}.Debug|Any CPU.ActiveCfg = Debug|Any CPU
		{D8DECE4C-E118-4BD0-BA32-DEB2A0C51F2C}.Debug|Any CPU.Build.0 = Debug|Any CPU
		{D8DECE4C-E118-4BD0-BA32-DEB2A0C51F2C}.Release|Any CPU.ActiveCfg = Release|Any CPU
		{D8DECE4C-E118-4BD0-BA32-DEB2A0C51F2C}.Release|Any CPU.Build.0 = Release|Any CPU
		{310D68E7-5EFB-41B7-AACF-9100F432D2E4}.Debug|Any CPU.ActiveCfg = Debug|Any CPU
		{310D68E7-5EFB-41B7-AACF-9100F432D2E4}.Debug|Any CPU.Build.0 = Debug|Any CPU
		{310D68E7-5EFB-41B7-AACF-9100F432D2E4}.Release|Any CPU.ActiveCfg = Release|Any CPU
		{310D68E7-5EFB-41B7-AACF-9100F432D2E4}.Release|Any CPU.Build.0 = Release|Any CPU
		{5994A87E-F6EB-4A77-B0C3-A1B5C20492FC}.Debug|Any CPU.ActiveCfg = Debug|Any CPU
		{5994A87E-F6EB-4A77-B0C3-A1B5C20492FC}.Debug|Any CPU.Build.0 = Debug|Any CPU
		{5994A87E-F6EB-4A77-B0C3-A1B5C20492FC}.Release|Any CPU.ActiveCfg = Release|Any CPU
		{5994A87E-F6EB-4A77-B0C3-A1B5C20492FC}.Release|Any CPU.Build.0 = Release|Any CPU
	EndGlobalSection
	GlobalSection(SolutionProperties) = preSolution
		HideSolutionNode = FALSE
	EndGlobalSection
	GlobalSection(ExtensibilityGlobals) = postSolution
		SolutionGuid = {66B2D0E9-829E-4BA5-A727-26937928CC6E}
	EndGlobalSection
EndGlobal
